Microsoft Visual Studio Solution File, Format Version 7.00
Project("{8BC9CEB8-8B4A-11D0-8D11-00A0C91BC942}") = "SciTE", "SciTE.vcproj", "{620BEA1D-631C-43F3-9C57-E3855682D13D}"
EndProject
Global
	GlobalSection(SolutionConfiguration) = preSolution
		ConfigName.0 = Debug
		ConfigName.1 = Release
	EndGlobalSection
	GlobalSection(ProjectDependencies) = postSolution
	EndGlobalSection
	GlobalSection(ProjectConfiguration) = postSolution
		{620BEA1D-631C-43F3-9C57-E3855682D13D}.Debug.ActiveCfg = Debug|Win32
		{620BEA1D-631C-43F3-9C57-E3855682D13D}.Debug.Build.0 = Debug|Win32
		{620BEA1D-631C-43F3-9C57-E3855682D13D}.Release.ActiveCfg = Release|Win32
		{620BEA1D-631C-43F3-9C57-E3855682D13D}.Release.Build.0 = Release|Win32
		{110FE3E0-9B08-420A-BAF8-06FF3E77EEA1}.Debug.ActiveCfg = Debug|Win32
		{110FE3E0-9B08-420A-BAF8-06FF3E77EEA1}.Release.ActiveCfg = Release|Win32
	EndGlobalSection
	GlobalSection(ExtensibilityGlobals) = postSolution
		DPBuild = 6
	EndGlobalSection
	GlobalSection(ExtensibilityAddIns) = postSolution
	EndGlobalSection
EndGlobal
